
Microsoft Visual Studio Solution File, Format Version 12.00
# Visual Studio Version 17
VisualStudioVersion = 17.9.34902.65
MinimumVisualStudioVersion = 10.0.40219.1
Project("{FAE04EC0-301F-11D3-BF4B-00C04F79EFBC}") = "EntityFrameworkPrj", "EntityFrameworkPrj.csproj", "{D6BD112C-FF13-4323-ACD3-8D53638803FA}"
EndProject
Global
	GlobalSection(SolutionConfigurationPlatforms) = preSolution
		Debug|Any CPU = Debug|Any CPU
		Release|Any CPU = Release|Any CPU
	EndGlobalSection
	GlobalSection(ProjectConfigurationPlatforms) = postSolution
		{D6BD112C-FF13-4323-ACD3-8D53638803FA}.Debug|Any CPU.ActiveCfg = Debug|Any CPU
		{D6BD112C-FF13-4323-ACD3-8D53638803FA}.Debug|Any CPU.Build.0 = Debug|Any CPU
		{D6BD112C-FF13-4323-ACD3-8D53638803FA}.Release|Any CPU.ActiveCfg = Release|Any CPU
		{D6BD112C-FF13-4323-ACD3-8D53638803FA}.Release|Any CPU.Build.0 = Release|Any CPU
	EndGlobalSection
	GlobalSection(SolutionProperties) = preSolution
		HideSolutionNode = FALSE
	EndGlobalSection
	GlobalSection(ExtensibilityGlobals) = postSolution
		SolutionGuid = {FCBF9EC0-4383-41C5-894C-337635F8BC72}
	EndGlobalSection
EndGlobal
